
Microsoft Visual Studio Solution File, Format Version 12.00
# Visual Studio Version 16
VisualStudioVersion = 16.0.28803.452
MinimumVisualStudioVersion = 10.0.40219.1
Project("{9A19103F-16F7-4668-BE54-9A1E7A4F7556}") = "DaAeHdaNetStandard", "src\Technosoftware\DaAeHdaClient\Technosoftware.DaAeHdaClient.csproj", "{EEFD269C-B83E-4C9B-8F96-432FAD558B98}"
EndProject
Project("{2150E333-8FDC-42A3-9474-1A3956D46DE8}") = "Solution Items", "Solution Items", "{FD919B47-42CE-49AA-8BE9-E0FD272CCEF2}"
EndProject
Global
	GlobalSection(SolutionConfigurationPlatforms) = preSolution
		Debug|Any CPU = Debug|Any CPU
		Release|Any CPU = Release|Any CPU
	EndGlobalSection
	GlobalSection(ProjectConfigurationPlatforms) = postSolution
		{EEFD269C-B83E-4C9B-8F96-432FAD558B98}.Debug|Any CPU.ActiveCfg = Debug|Any CPU
		{EEFD269C-B83E-4C9B-8F96-432FAD558B98}.Debug|Any CPU.Build.0 = Debug|Any CPU
		{EEFD269C-B83E-4C9B-8F96-432FAD558B98}.Release|Any CPU.ActiveCfg = Release|Any CPU
		{EEFD269C-B83E-4C9B-8F96-432FAD558B98}.Release|Any CPU.Build.0 = Release|Any CPU
	EndGlobalSection
	GlobalSection(SolutionProperties) = preSolution
		HideSolutionNode = FALSE
	EndGlobalSection
	GlobalSection(ExtensibilityGlobals) = postSolution
		SolutionGuid = {D398263E-3EFA-493B-94F3-F6271B79C4A6}
	EndGlobalSection
EndGlobal
